// !$*UTF8*$!
{
	archiveVersion = 1;
	classes = {
	};
	objectVersion = 51;
	objects = {

/* Begin PBXBuildFile section */
		201332A225374C2E00548FF6 /* ZSSubcategoriesModel.swift in Sources */ = {isa = PBXBuildFile; fileRef = 201332A125374C2E00548FF6 /* ZSSubcategoriesModel.swift */; };
		20242AAB2529F58E00886949 /* ZSSideMenuFooterView.swift in Sources */ = {isa = PBXBuildFile; fileRef = 20242AAA2529F58E00886949 /* ZSSideMenuFooterView.swift */; };
		20242AAD252A37E800886949 /* ZSProductsMainView.swift in Sources */ = {isa = PBXBuildFile; fileRef = 20242AAC252A37E800886949 /* ZSProductsMainView.swift */; };
		20242AAF252A3E4100886949 /* Templates.swift in Sources */ = {isa = PBXBuildFile; fileRef = 20242AAE252A3E4100886949 /* Templates.swift */; };
		20242AB3252A3F1D00886949 /* Notification.Name+Ex.swift in Sources */ = {isa = PBXBuildFile; fileRef = 20242AB2252A3F1D00886949 /* Notification.Name+Ex.swift */; };
		203FD53F2531C82A00F57432 /* ZSNetwork.swift in Sources */ = {isa = PBXBuildFile; fileRef = 203FD53E2531C82A00F57432 /* ZSNetwork.swift */; };
		203FD5412531CA6500F57432 /* ZSErrorModel.swift in Sources */ = {isa = PBXBuildFile; fileRef = 203FD5402531CA6500F57432 /* ZSErrorModel.swift */; };
		203FD5462531D0F500F57432 /* ZSProductDetailViewController.swift in Sources */ = {isa = PBXBuildFile; fileRef = 203FD5442531D0F500F57432 /* ZSProductDetailViewController.swift */; };
		203FD5482531D7F900F57432 /* ZSURLPath.swift in Sources */ = {isa = PBXBuildFile; fileRef = 203FD5472531D7F900F57432 /* ZSURLPath.swift */; };
		203FD54A2531DBDC00F57432 /* ZSCategoriesModel.swift in Sources */ = {isa = PBXBuildFile; fileRef = 203FD5492531DBDC00F57432 /* ZSCategoriesModel.swift */; };
		203FD5502532036F00F57432 /* ZSCheckoutViewController.swift in Sources */ = {isa = PBXBuildFile; fileRef = 203FD54F2532036F00F57432 /* ZSCheckoutViewController.swift */; };
		203FD553253204EB00F57432 /* ZSCheckoutAddressViewController.swift in Sources */ = {isa = PBXBuildFile; fileRef = 203FD552253204EB00F57432 /* ZSCheckoutAddressViewController.swift */; };
		203FD5552532051000F57432 /* ZSCheckoutPaymentViewController.swift in Sources */ = {isa = PBXBuildFile; fileRef = 203FD5542532051000F57432 /* ZSCheckoutPaymentViewController.swift */; };
		203FD5572532056200F57432 /* ZSCheckoutFinalViewController.swift in Sources */ = {isa = PBXBuildFile; fileRef = 203FD5562532056200F57432 /* ZSCheckoutFinalViewController.swift */; };
		2041103B252AD7C00081A562 /* ZSCartTableViewCell.swift in Sources */ = {isa = PBXBuildFile; fileRef = 2041103A252AD7C00081A562 /* ZSCartTableViewCell.swift */; };
		2041103F252AF24C0081A562 /* UIImage+Ex.swift in Sources */ = {isa = PBXBuildFile; fileRef = 2041103E252AF24C0081A562 /* UIImage+Ex.swift */; };
		20411042252AFAB40081A562 /* UIColor+Ex.swift in Sources */ = {isa = PBXBuildFile; fileRef = 20411041252AFAB40081A562 /* UIColor+Ex.swift */; };
		20411045252B2C0F0081A562 /* BadgedButtonItem.swift in Sources */ = {isa = PBXBuildFile; fileRef = 20411044252B2C0F0081A562 /* BadgedButtonItem.swift */; };
		2049103F2532509400154252 /* ZSSignupUserModel.swift in Sources */ = {isa = PBXBuildFile; fileRef = 2049103E2532509400154252 /* ZSSignupUserModel.swift */; };
		205692B0253236700096DDD0 /* ZSRegistrationCodeViewController.swift in Sources */ = {isa = PBXBuildFile; fileRef = 205692AF253236700096DDD0 /* ZSRegistrationCodeViewController.swift */; };
		2057B88A252588EF007D8D05 /* AppDelegate.swift in Sources */ = {isa = PBXBuildFile; fileRef = 2057B889252588EF007D8D05 /* AppDelegate.swift */; };
		2057B8B02525894E007D8D05 /* Assets.xcassets in Resources */ = {isa = PBXBuildFile; fileRef = 2057B89F2525894E007D8D05 /* Assets.xcassets */; };
		2057B8B12525894E007D8D05 /* LaunchScreen.storyboard in Resources */ = {isa = PBXBuildFile; fileRef = 2057B8A02525894E007D8D05 /* LaunchScreen.storyboard */; };
		2057B8B22525894E007D8D05 /* Images.xcassets in Resources */ = {isa = PBXBuildFile; fileRef = 2057B8A22525894E007D8D05 /* Images.xcassets */; };
		2057B8B32525894E007D8D05 /* RootViewController.swift in Sources */ = {isa = PBXBuildFile; fileRef = 2057B8A72525894E007D8D05 /* RootViewController.swift */; };
		2057B8B42525894E007D8D05 /* Splash.storyboard in Resources */ = {isa = PBXBuildFile; fileRef = 2057B8AB2525894E007D8D05 /* Splash.storyboard */; };
		2057B8B52525894E007D8D05 /* SplashViewController.swift in Sources */ = {isa = PBXBuildFile; fileRef = 2057B8AD2525894E007D8D05 /* SplashViewController.swift */; };
		2057B8BA25258E01007D8D05 /* ZSSideMenuViewController.swift in Sources */ = {isa = PBXBuildFile; fileRef = 2057B8B925258E00007D8D05 /* ZSSideMenuViewController.swift */; };
		2057B8DA252591FC007D8D05 /* ZSOrdersViewController.swift in Sources */ = {isa = PBXBuildFile; fileRef = 2057B8C9252591FC007D8D05 /* ZSOrdersViewController.swift */; };
		2057B8DB252591FC007D8D05 /* ZSCartViewController.swift in Sources */ = {isa = PBXBuildFile; fileRef = 2057B8CE252591FC007D8D05 /* ZSCartViewController.swift */; };
		2057B8DC252591FC007D8D05 /* ZSProfileViewController.swift in Sources */ = {isa = PBXBuildFile; fileRef = 2057B8D3252591FC007D8D05 /* ZSProfileViewController.swift */; };
		2057B8E52525935E007D8D05 /* ZSMainViewController.swift in Sources */ = {isa = PBXBuildFile; fileRef = 2057B8E42525935E007D8D05 /* ZSMainViewController.swift */; };
		2057B8EB2525A208007D8D05 /* ZSSideMenuItemView.swift in Sources */ = {isa = PBXBuildFile; fileRef = 2057B8EA2525A208007D8D05 /* ZSSideMenuItemView.swift */; };
		2057B8ED2525AF22007D8D05 /* AppColors.swift in Sources */ = {isa = PBXBuildFile; fileRef = 2057B8EC2525AF22007D8D05 /* AppColors.swift */; };
		2057B8F02525CCB5007D8D05 /* ZSMainTableViewCell.swift in Sources */ = {isa = PBXBuildFile; fileRef = 2057B8EF2525CCB5007D8D05 /* ZSMainTableViewCell.swift */; };
		2057B8F22525ED2D007D8D05 /* ZSBaseViewController.swift in Sources */ = {isa = PBXBuildFile; fileRef = 2057B8F12525ED2D007D8D05 /* ZSBaseViewController.swift */; };
		208483CB253C8E3C0044D4A9 /* ZSAddAddressViewController.swift in Sources */ = {isa = PBXBuildFile; fileRef = 208483CA253C8E3C0044D4A9 /* ZSAddAddressViewController.swift */; };
		208483CD253C8F5E0044D4A9 /* ZSAddAddressView.swift in Sources */ = {isa = PBXBuildFile; fileRef = 208483CC253C8F5E0044D4A9 /* ZSAddAddressView.swift */; };
		208483CF253C953D0044D4A9 /* ZSAddCardView.swift in Sources */ = {isa = PBXBuildFile; fileRef = 208483CE253C953D0044D4A9 /* ZSAddCardView.swift */; };
		2098B14325337E0900A00D18 /* ZSResetPasswordCodeViewController.swift in Sources */ = {isa = PBXBuildFile; fileRef = 2098B14225337E0900A00D18 /* ZSResetPasswordCodeViewController.swift */; };
		20A7086125457B5D00E227D5 /* ZSCheckoutFinalView.swift in Sources */ = {isa = PBXBuildFile; fileRef = 20A7086025457B5D00E227D5 /* ZSCheckoutFinalView.swift */; };
		20B2DFC42526DA370089BC55 /* ZSProductsViewController.swift in Sources */ = {isa = PBXBuildFile; fileRef = 20B2DFC32526DA370089BC55 /* ZSProductsViewController.swift */; };
		20B2DFC72526E4600089BC55 /* ZSGategoriesCollectionViewCell.swift in Sources */ = {isa = PBXBuildFile; fileRef = 20B2DFC62526E4600089BC55 /* ZSGategoriesCollectionViewCell.swift */; };
		20B2DFC92526FB1E0089BC55 /* ZSProductsCollectionViewCell.swift in Sources */ = {isa = PBXBuildFile; fileRef = 20B2DFC82526FB1E0089BC55 /* ZSProductsCollectionViewCell.swift */; };
		20B2DFCB2526FE090089BC55 /* ZSProductModel.swift in Sources */ = {isa = PBXBuildFile; fileRef = 20B2DFCA2526FE090089BC55 /* ZSProductModel.swift */; };
		20B2DFD325274D7B0089BC55 /* ZSRegistrationViewController.swift in Sources */ = {isa = PBXBuildFile; fileRef = 20B2DFD225274D7B0089BC55 /* ZSRegistrationViewController.swift */; };
		20B2DFD525274D900089BC55 /* ZSAuthorizationViewController.swift in Sources */ = {isa = PBXBuildFile; fileRef = 20B2DFD425274D900089BC55 /* ZSAuthorizationViewController.swift */; };
		20B9A8992532DCCC00E2EF71 /* ZSSignupResponseModel.swift in Sources */ = {isa = PBXBuildFile; fileRef = 20B9A8982532DCCC00E2EF71 /* ZSSignupResponseModel.swift */; };
		20B9A89B2532E50600E2EF71 /* ZSSigninUserModel.swift in Sources */ = {isa = PBXBuildFile; fileRef = 20B9A89A2532E50600E2EF71 /* ZSSigninUserModel.swift */; };
		20B9A89F2532F72B00E2EF71 /* ZSResetPasswordViewController.swift in Sources */ = {isa = PBXBuildFile; fileRef = 20B9A89E2532F72B00E2EF71 /* ZSResetPasswordViewController.swift */; };
		20FD49B825459E190006F50C /* ZSOrdersTableViewCell.swift in Sources */ = {isa = PBXBuildFile; fileRef = 20FD49B725459E190006F50C /* ZSOrdersTableViewCell.swift */; };
		20FD49BF2545C51D0006F50C /* ZSFavoritesViewController.swift in Sources */ = {isa = PBXBuildFile; fileRef = 20FD49BE2545C51D0006F50C /* ZSFavoritesViewController.swift */; };
		71D1887A99BB69ED3097A433 /* Pods_ZarinShop.framework in Frameworks */ = {isa = PBXBuildFile; fileRef = 41D82D5D61017505831B7C23 /* Pods_ZarinShop.framework */; };
		840839A1253802300040EC63 /* ZSProductDetailDescriptionView.swift in Sources */ = {isa = PBXBuildFile; fileRef = 840839A0253802300040EC63 /* ZSProductDetailDescriptionView.swift */; };
		840839A5253803A50040EC63 /* ZSProductDetailTitleView.swift in Sources */ = {isa = PBXBuildFile; fileRef = 840839A4253803A50040EC63 /* ZSProductDetailTitleView.swift */; };
		840839A9253804DC0040EC63 /* ZSProductDetailSpecificationView.swift in Sources */ = {isa = PBXBuildFile; fileRef = 840839A8253804DC0040EC63 /* ZSProductDetailSpecificationView.swift */; };
		840839AD253806210040EC63 /* ZSSpecificationModel.swift in Sources */ = {isa = PBXBuildFile; fileRef = 840839AC253806210040EC63 /* ZSSpecificationModel.swift */; };
		840839B12538067D0040EC63 /* ZSProductDetailSpecificationItemView.swift in Sources */ = {isa = PBXBuildFile; fileRef = 840839B02538067D0040EC63 /* ZSProductDetailSpecificationItemView.swift */; };
		840839B925380EE80040EC63 /* ZSValuesStore.swift in Sources */ = {isa = PBXBuildFile; fileRef = 840839B825380EE80040EC63 /* ZSValuesStore.swift */; };
		8443D9922539B9FC008AAC88 /* ZSCheckoutAddressView.swift in Sources */ = {isa = PBXBuildFile; fileRef = 8443D9912539B9FC008AAC88 /* ZSCheckoutAddressView.swift */; };
		8443D9952539BE34008AAC88 /* ZSCheckoutPaymentView.swift in Sources */ = {isa = PBXBuildFile; fileRef = 8443D9942539BE34008AAC88 /* ZSCheckoutPaymentView.swift */; };
		8443D99A2539D697008AAC88 /* ZSAddCardViewController.swift in Sources */ = {isa = PBXBuildFile; fileRef = 8443D9992539D697008AAC88 /* ZSAddCardViewController.swift */; };
		8443DA1B253EFD69008AAC88 /* ZSSubcategoriesViewController.swift in Sources */ = {isa = PBXBuildFile; fileRef = 8443DA1A253EFD69008AAC88 /* ZSSubcategoriesViewController.swift */; };
		8443DA20253EFDA4008AAC88 /* ZSSubcategoriesTableViewCell.swift in Sources */ = {isa = PBXBuildFile; fileRef = 8443DA1F253EFDA4008AAC88 /* ZSSubcategoriesTableViewCell.swift */; };
		8443DA6F25419EAD008AAC88 /* ZSSubcategoriesHeaderView.swift in Sources */ = {isa = PBXBuildFile; fileRef = 8443DA6E25419EAD008AAC88 /* ZSSubcategoriesHeaderView.swift */; };
		844A97CC25306D0E00619BE3 /* ZSCheckoutTabItem.swift in Sources */ = {isa = PBXBuildFile; fileRef = 844A97CB25306D0E00619BE3 /* ZSCheckoutTabItem.swift */; };
		844A97D12530819C00619BE3 /* UIViewController+Ex.swift in Sources */ = {isa = PBXBuildFile; fileRef = 844A97D02530819C00619BE3 /* UIViewController+Ex.swift */; };
		84691A852536B90F00EA5217 /* UserDefaults+Ex.swift in Sources */ = {isa = PBXBuildFile; fileRef = 84691A842536B90F00EA5217 /* UserDefaults+Ex.swift */; };
/* End PBXBuildFile section */

/* Begin PBXFileReference section */
		0DE7CA78AE674A74E83BD40D /* Pods-ZarinShop.debug.xcconfig */ = {isa = PBXFileReference; includeInIndex = 1; lastKnownFileType = text.xcconfig; name = "Pods-ZarinShop.debug.xcconfig"; path = "Target Support Files/Pods-ZarinShop/Pods-ZarinShop.debug.xcconfig"; sourceTree = "<group>"; };
		201332A125374C2E00548FF6 /* ZSSubcategoriesModel.swift */ = {isa = PBXFileReference; lastKnownFileType = sourcecode.swift; name = ZSSubcategoriesModel.swift; path = "ZarinShop/Features/Auth/Reset Password/Controllers/ZSSubcategoriesModel.swift"; sourceTree = SOURCE_ROOT; };
		20242AAA2529F58E00886949 /* ZSSideMenuFooterView.swift */ = {isa = PBXFileReference; lastKnownFileType = sourcecode.swift; path = ZSSideMenuFooterView.swift; sourceTree = "<group>"; };
		20242AAC252A37E800886949 /* ZSProductsMainView.swift */ = {isa = PBXFileReference; lastKnownFileType = sourcecode.swift; path = ZSProductsMainView.swift; sourceTree = "<group>"; };
		20242AAE252A3E4100886949 /* Templates.swift */ = {isa = PBXFileReference; lastKnownFileType = sourcecode.swift; path = Templates.swift; sourceTree = "<group>"; };
		20242AB2252A3F1D00886949 /* Notification.Name+Ex.swift */ = {isa = PBXFileReference; lastKnownFileType = sourcecode.swift; path = "Notification.Name+Ex.swift"; sourceTree = "<group>"; };
		203FD53E2531C82A00F57432 /* ZSNetwork.swift */ = {isa = PBXFileReference; fileEncoding = 4; lastKnownFileType = sourcecode.swift; path = ZSNetwork.swift; sourceTree = "<group>"; };
		203FD5402531CA6500F57432 /* ZSErrorModel.swift */ = {isa = PBXFileReference; lastKnownFileType = sourcecode.swift; path = ZSErrorModel.swift; sourceTree = "<group>"; };
		203FD5442531D0F500F57432 /* ZSProductDetailViewController.swift */ = {isa = PBXFileReference; fileEncoding = 4; lastKnownFileType = sourcecode.swift; path = ZSProductDetailViewController.swift; sourceTree = "<group>"; };
		203FD5472531D7F900F57432 /* ZSURLPath.swift */ = {isa = PBXFileReference; lastKnownFileType = sourcecode.swift; name = ZSURLPath.swift; path = ZarinShop/Resources/ZSURLPath.swift; sourceTree = SOURCE_ROOT; };
		203FD5492531DBDC00F57432 /* ZSCategoriesModel.swift */ = {isa = PBXFileReference; lastKnownFileType = sourcecode.swift; name = ZSCategoriesModel.swift; path = ZarinShop/Resources/ZSCategoriesModel.swift; sourceTree = SOURCE_ROOT; };
		203FD54F2532036F00F57432 /* ZSCheckoutViewController.swift */ = {isa = PBXFileReference; lastKnownFileType = sourcecode.swift; path = ZSCheckoutViewController.swift; sourceTree = "<group>"; };
		203FD552253204EB00F57432 /* ZSCheckoutAddressViewController.swift */ = {isa = PBXFileReference; lastKnownFileType = sourcecode.swift; path = ZSCheckoutAddressViewController.swift; sourceTree = "<group>"; };
		203FD5542532051000F57432 /* ZSCheckoutPaymentViewController.swift */ = {isa = PBXFileReference; lastKnownFileType = sourcecode.swift; path = ZSCheckoutPaymentViewController.swift; sourceTree = "<group>"; };
		203FD5562532056200F57432 /* ZSCheckoutFinalViewController.swift */ = {isa = PBXFileReference; lastKnownFileType = sourcecode.swift; path = ZSCheckoutFinalViewController.swift; sourceTree = "<group>"; };
		2041103A252AD7C00081A562 /* ZSCartTableViewCell.swift */ = {isa = PBXFileReference; lastKnownFileType = sourcecode.swift; path = ZSCartTableViewCell.swift; sourceTree = "<group>"; };
		2041103E252AF24C0081A562 /* UIImage+Ex.swift */ = {isa = PBXFileReference; lastKnownFileType = sourcecode.swift; path = "UIImage+Ex.swift"; sourceTree = "<group>"; };
		20411041252AFAB40081A562 /* UIColor+Ex.swift */ = {isa = PBXFileReference; lastKnownFileType = sourcecode.swift; path = "UIColor+Ex.swift"; sourceTree = "<group>"; };
		20411044252B2C0F0081A562 /* BadgedButtonItem.swift */ = {isa = PBXFileReference; lastKnownFileType = sourcecode.swift; path = BadgedButtonItem.swift; sourceTree = "<group>"; };
		2049103E2532509400154252 /* ZSSignupUserModel.swift */ = {isa = PBXFileReference; lastKnownFileType = sourcecode.swift; path = ZSSignupUserModel.swift; sourceTree = "<group>"; };
		205692AF253236700096DDD0 /* ZSRegistrationCodeViewController.swift */ = {isa = PBXFileReference; lastKnownFileType = sourcecode.swift; path = ZSRegistrationCodeViewController.swift; sourceTree = "<group>"; };
		2057B886252588EE007D8D05 /* ZarinShop.app */ = {isa = PBXFileReference; explicitFileType = wrapper.application; includeInIndex = 0; path = ZarinShop.app; sourceTree = BUILT_PRODUCTS_DIR; };
		2057B889252588EF007D8D05 /* AppDelegate.swift */ = {isa = PBXFileReference; lastKnownFileType = sourcecode.swift; path = AppDelegate.swift; sourceTree = "<group>"; };
		2057B897252588F0007D8D05 /* Info.plist */ = {isa = PBXFileReference; lastKnownFileType = text.plist.xml; path = Info.plist; sourceTree = "<group>"; };
		2057B89F2525894E007D8D05 /* Assets.xcassets */ = {isa = PBXFileReference; lastKnownFileType = folder.assetcatalog; path = Assets.xcassets; sourceTree = "<group>"; };
		2057B8A12525894E007D8D05 /* Base */ = {isa = PBXFileReference; lastKnownFileType = file.storyboard; name = Base; path = Base.lproj/LaunchScreen.storyboard; sourceTree = "<group>"; };
		2057B8A22525894E007D8D05 /* Images.xcassets */ = {isa = PBXFileReference; lastKnownFileType = folder.assetcatalog; path = Images.xcassets; sourceTree = "<group>"; };
		2057B8A72525894E007D8D05 /* RootViewController.swift */ = {isa = PBXFileReference; fileEncoding = 4; lastKnownFileType = sourcecode.swift; path = RootViewController.swift; sourceTree = "<group>"; };
		2057B8AB2525894E007D8D05 /* Splash.storyboard */ = {isa = PBXFileReference; fileEncoding = 4; lastKnownFileType = file.storyboard; path = Splash.storyboard; sourceTree = "<group>"; };
		2057B8AD2525894E007D8D05 /* SplashViewController.swift */ = {isa = PBXFileReference; fileEncoding = 4; lastKnownFileType = sourcecode.swift; path = SplashViewController.swift; sourceTree = "<group>"; };
		2057B8B925258E00007D8D05 /* ZSSideMenuViewController.swift */ = {isa = PBXFileReference; lastKnownFileType = sourcecode.swift; path = ZSSideMenuViewController.swift; sourceTree = "<group>"; };
		2057B8C9252591FC007D8D05 /* ZSOrdersViewController.swift */ = {isa = PBXFileReference; fileEncoding = 4; lastKnownFileType = sourcecode.swift; path = ZSOrdersViewController.swift; sourceTree = "<group>"; };
		2057B8CE252591FC007D8D05 /* ZSCartViewController.swift */ = {isa = PBXFileReference; fileEncoding = 4; lastKnownFileType = sourcecode.swift; path = ZSCartViewController.swift; sourceTree = "<group>"; };
		2057B8D3252591FC007D8D05 /* ZSProfileViewController.swift */ = {isa = PBXFileReference; fileEncoding = 4; lastKnownFileType = sourcecode.swift; path = ZSProfileViewController.swift; sourceTree = "<group>"; };
		2057B8E42525935E007D8D05 /* ZSMainViewController.swift */ = {isa = PBXFileReference; fileEncoding = 4; lastKnownFileType = sourcecode.swift; path = ZSMainViewController.swift; sourceTree = "<group>"; };
		2057B8EA2525A208007D8D05 /* ZSSideMenuItemView.swift */ = {isa = PBXFileReference; lastKnownFileType = sourcecode.swift; path = ZSSideMenuItemView.swift; sourceTree = "<group>"; };
		2057B8EC2525AF22007D8D05 /* AppColors.swift */ = {isa = PBXFileReference; lastKnownFileType = sourcecode.swift; path = AppColors.swift; sourceTree = "<group>"; };
		2057B8EF2525CCB5007D8D05 /* ZSMainTableViewCell.swift */ = {isa = PBXFileReference; lastKnownFileType = sourcecode.swift; path = ZSMainTableViewCell.swift; sourceTree = "<group>"; };
		2057B8F12525ED2D007D8D05 /* ZSBaseViewController.swift */ = {isa = PBXFileReference; lastKnownFileType = sourcecode.swift; path = ZSBaseViewController.swift; sourceTree = "<group>"; };
		208483CA253C8E3C0044D4A9 /* ZSAddAddressViewController.swift */ = {isa = PBXFileReference; lastKnownFileType = sourcecode.swift; path = ZSAddAddressViewController.swift; sourceTree = "<group>"; };
		208483CC253C8F5E0044D4A9 /* ZSAddAddressView.swift */ = {isa = PBXFileReference; lastKnownFileType = sourcecode.swift; path = ZSAddAddressView.swift; sourceTree = "<group>"; };
		208483CE253C953D0044D4A9 /* ZSAddCardView.swift */ = {isa = PBXFileReference; lastKnownFileType = sourcecode.swift; path = ZSAddCardView.swift; sourceTree = "<group>"; };
		2098B14225337E0900A00D18 /* ZSResetPasswordCodeViewController.swift */ = {isa = PBXFileReference; lastKnownFileType = sourcecode.swift; path = ZSResetPasswordCodeViewController.swift; sourceTree = "<group>"; };
		20A7086025457B5D00E227D5 /* ZSCheckoutFinalView.swift */ = {isa = PBXFileReference; lastKnownFileType = sourcecode.swift; path = ZSCheckoutFinalView.swift; sourceTree = "<group>"; };
		20B2DFC32526DA370089BC55 /* ZSProductsViewController.swift */ = {isa = PBXFileReference; lastKnownFileType = sourcecode.swift; path = ZSProductsViewController.swift; sourceTree = "<group>"; };
		20B2DFC62526E4600089BC55 /* ZSGategoriesCollectionViewCell.swift */ = {isa = PBXFileReference; lastKnownFileType = sourcecode.swift; path = ZSGategoriesCollectionViewCell.swift; sourceTree = "<group>"; };
		20B2DFC82526FB1E0089BC55 /* ZSProductsCollectionViewCell.swift */ = {isa = PBXFileReference; lastKnownFileType = sourcecode.swift; path = ZSProductsCollectionViewCell.swift; sourceTree = "<group>"; };
		20B2DFCA2526FE090089BC55 /* ZSProductModel.swift */ = {isa = PBXFileReference; lastKnownFileType = sourcecode.swift; path = ZSProductModel.swift; sourceTree = "<group>"; };
		20B2DFD225274D7B0089BC55 /* ZSRegistrationViewController.swift */ = {isa = PBXFileReference; lastKnownFileType = sourcecode.swift; path = ZSRegistrationViewController.swift; sourceTree = "<group>"; };
		20B2DFD425274D900089BC55 /* ZSAuthorizationViewController.swift */ = {isa = PBXFileReference; lastKnownFileType = sourcecode.swift; path = ZSAuthorizationViewController.swift; sourceTree = "<group>"; };
		20B9A8982532DCCC00E2EF71 /* ZSSignupResponseModel.swift */ = {isa = PBXFileReference; lastKnownFileType = sourcecode.swift; path = ZSSignupResponseModel.swift; sourceTree = "<group>"; };
		20B9A89A2532E50600E2EF71 /* ZSSigninUserModel.swift */ = {isa = PBXFileReference; lastKnownFileType = sourcecode.swift; path = ZSSigninUserModel.swift; sourceTree = "<group>"; };
		20B9A89E2532F72B00E2EF71 /* ZSResetPasswordViewController.swift */ = {isa = PBXFileReference; lastKnownFileType = sourcecode.swift; path = ZSResetPasswordViewController.swift; sourceTree = "<group>"; };
		20FD49B725459E190006F50C /* ZSOrdersTableViewCell.swift */ = {isa = PBXFileReference; lastKnownFileType = sourcecode.swift; path = ZSOrdersTableViewCell.swift; sourceTree = "<group>"; };
		20FD49BE2545C51D0006F50C /* ZSFavoritesViewController.swift */ = {isa = PBXFileReference; lastKnownFileType = sourcecode.swift; path = ZSFavoritesViewController.swift; sourceTree = "<group>"; };
		41D82D5D61017505831B7C23 /* Pods_ZarinShop.framework */ = {isa = PBXFileReference; explicitFileType = wrapper.framework; includeInIndex = 0; path = Pods_ZarinShop.framework; sourceTree = BUILT_PRODUCTS_DIR; };
		7F583775B1B4F66CF0F93527 /* Pods-ZarinShop.release.xcconfig */ = {isa = PBXFileReference; includeInIndex = 1; lastKnownFileType = text.xcconfig; name = "Pods-ZarinShop.release.xcconfig"; path = "Target Support Files/Pods-ZarinShop/Pods-ZarinShop.release.xcconfig"; sourceTree = "<group>"; };
		840839A0253802300040EC63 /* ZSProductDetailDescriptionView.swift */ = {isa = PBXFileReference; lastKnownFileType = sourcecode.swift; path = ZSProductDetailDescriptionView.swift; sourceTree = "<group>"; };
		840839A4253803A50040EC63 /* ZSProductDetailTitleView.swift */ = {isa = PBXFileReference; lastKnownFileType = sourcecode.swift; path = ZSProductDetailTitleView.swift; sourceTree = "<group>"; };
		840839A8253804DC0040EC63 /* ZSProductDetailSpecificationView.swift */ = {isa = PBXFileReference; lastKnownFileType = sourcecode.swift; path = ZSProductDetailSpecificationView.swift; sourceTree = "<group>"; };
		840839AC253806210040EC63 /* ZSSpecificationModel.swift */ = {isa = PBXFileReference; lastKnownFileType = sourcecode.swift; path = ZSSpecificationModel.swift; sourceTree = "<group>"; };
		840839B02538067D0040EC63 /* ZSProductDetailSpecificationItemView.swift */ = {isa = PBXFileReference; lastKnownFileType = sourcecode.swift; path = ZSProductDetailSpecificationItemView.swift; sourceTree = "<group>"; };
		840839B825380EE80040EC63 /* ZSValuesStore.swift */ = {isa = PBXFileReference; lastKnownFileType = sourcecode.swift; path = ZSValuesStore.swift; sourceTree = "<group>"; };
		8443D9912539B9FC008AAC88 /* ZSCheckoutAddressView.swift */ = {isa = PBXFileReference; lastKnownFileType = sourcecode.swift; path = ZSCheckoutAddressView.swift; sourceTree = "<group>"; };
		8443D9942539BE34008AAC88 /* ZSCheckoutPaymentView.swift */ = {isa = PBXFileReference; lastKnownFileType = sourcecode.swift; path = ZSCheckoutPaymentView.swift; sourceTree = "<group>"; };
		8443D9992539D697008AAC88 /* ZSAddCardViewController.swift */ = {isa = PBXFileReference; lastKnownFileType = sourcecode.swift; path = ZSAddCardViewController.swift; sourceTree = "<group>"; };
		8443DA1A253EFD69008AAC88 /* ZSSubcategoriesViewController.swift */ = {isa = PBXFileReference; lastKnownFileType = sourcecode.swift; path = ZSSubcategoriesViewController.swift; sourceTree = "<group>"; };
		8443DA1F253EFDA4008AAC88 /* ZSSubcategoriesTableViewCell.swift */ = {isa = PBXFileReference; lastKnownFileType = sourcecode.swift; path = ZSSubcategoriesTableViewCell.swift; sourceTree = "<group>"; };
		8443DA6E25419EAD008AAC88 /* ZSSubcategoriesHeaderView.swift */ = {isa = PBXFileReference; lastKnownFileType = sourcecode.swift; path = ZSSubcategoriesHeaderView.swift; sourceTree = "<group>"; };
		844A97CB25306D0E00619BE3 /* ZSCheckoutTabItem.swift */ = {isa = PBXFileReference; lastKnownFileType = sourcecode.swift; path = ZSCheckoutTabItem.swift; sourceTree = "<group>"; };
		844A97D02530819C00619BE3 /* UIViewController+Ex.swift */ = {isa = PBXFileReference; lastKnownFileType = sourcecode.swift; path = "UIViewController+Ex.swift"; sourceTree = "<group>"; };
		84691A842536B90F00EA5217 /* UserDefaults+Ex.swift */ = {isa = PBXFileReference; lastKnownFileType = sourcecode.swift; path = "UserDefaults+Ex.swift"; sourceTree = "<group>"; };
/* End PBXFileReference section */

/* Begin PBXFrameworksBuildPhase section */
		2057B883252588EE007D8D05 /* Frameworks */ = {
			isa = PBXFrameworksBuildPhase;
			buildActionMask = 2147483647;
			files = (
				71D1887A99BB69ED3097A433 /* Pods_ZarinShop.framework in Frameworks */,
			);
			runOnlyForDeploymentPostprocessing = 0;
		};
/* End PBXFrameworksBuildPhase section */

/* Begin PBXGroup section */
		20242AB0252A3EE600886949 /* Foundation */ = {
			isa = PBXGroup;
			children = (
				20242AB2252A3F1D00886949 /* Notification.Name+Ex.swift */,
				84691A842536B90F00EA5217 /* UserDefaults+Ex.swift */,
			);
			path = Foundation;
			sourceTree = "<group>";
		};
		203FD5422531D0F500F57432 /* ProductDetail */ = {
			isa = PBXGroup;
			children = (
				840839AB253806010040EC63 /* Models */,
				8408399F253802150040EC63 /* Views */,
				203FD5432531D0F500F57432 /* Controllers */,
			);
			path = ProductDetail;
			sourceTree = "<group>";
		};
		203FD5432531D0F500F57432 /* Controllers */ = {
			isa = PBXGroup;
			children = (
				203FD5442531D0F500F57432 /* ZSProductDetailViewController.swift */,
			);
			path = Controllers;
			sourceTree = "<group>";
		};
		203FD54C2532030500F57432 /* Cart list */ = {
			isa = PBXGroup;
			children = (
				2057B8CC252591FC007D8D05 /* Models */,
				2057B8CF252591FC007D8D05 /* Views */,
				2057B8CD252591FC007D8D05 /* Controllers */,
			);
			path = "Cart list";
			sourceTree = "<group>";
		};
		203FD54D2532032400F57432 /* Checkout */ = {
			isa = PBXGroup;
			children = (
				203FD551253203C400F57432 /* Models */,
				8443D9902539B9DC008AAC88 /* Views */,
				203FD54E2532034100F57432 /* Controlles */,
			);
			path = Checkout;
			sourceTree = "<group>";
		};
		203FD54E2532034100F57432 /* Controlles */ = {
			isa = PBXGroup;
			children = (
				203FD54F2532036F00F57432 /* ZSCheckoutViewController.swift */,
				203FD552253204EB00F57432 /* ZSCheckoutAddressViewController.swift */,
				203FD5542532051000F57432 /* ZSCheckoutPaymentViewController.swift */,
				203FD5562532056200F57432 /* ZSCheckoutFinalViewController.swift */,
			);
			path = Controlles;
			sourceTree = "<group>";
		};
		203FD551253203C400F57432 /* Models */ = {
			isa = PBXGroup;
			children = (
				844A97CB25306D0E00619BE3 /* ZSCheckoutTabItem.swift */,
			);
			path = Models;
			sourceTree = "<group>";
		};
		20411039252AD7A10081A562 /* Cells */ = {
			isa = PBXGroup;
			children = (
				2041103A252AD7C00081A562 /* ZSCartTableViewCell.swift */,
			);
			path = Cells;
			sourceTree = "<group>";
		};
		2041103C252AF2380081A562 /* UIKit */ = {
			isa = PBXGroup;
			children = (
				844A97CF2530818000619BE3 /* UIViewController */,
				20411040252AFAA60081A562 /* UIColor */,
				2041103D252AF23E0081A562 /* UIImage */,
			);
			path = UIKit;
			sourceTree = "<group>";
		};
		2041103D252AF23E0081A562 /* UIImage */ = {
			isa = PBXGroup;
			children = (
				2041103E252AF24C0081A562 /* UIImage+Ex.swift */,
			);
			path = UIImage;
			sourceTree = "<group>";
		};
		20411040252AFAA60081A562 /* UIColor */ = {
			isa = PBXGroup;
			children = (
				20411041252AFAB40081A562 /* UIColor+Ex.swift */,
			);
			path = UIColor;
			sourceTree = "<group>";
		};
		20411043252B2BEF0081A562 /* Utility */ = {
			isa = PBXGroup;
			children = (
				20411044252B2C0F0081A562 /* BadgedButtonItem.swift */,
			);
			path = Utility;
			sourceTree = "<group>";
		};
		2049103C2532472500154252 /* Models */ = {
			isa = PBXGroup;
			children = (
				20B9A89A2532E50600E2EF71 /* ZSSigninUserModel.swift */,
			);
			path = Models;
			sourceTree = "<group>";
		};
		2049103D2532503E00154252 /* Models */ = {
			isa = PBXGroup;
			children = (
				2049103E2532509400154252 /* ZSSignupUserModel.swift */,
				20B9A8982532DCCC00E2EF71 /* ZSSignupResponseModel.swift */,
			);
			path = Models;
			sourceTree = "<group>";
		};
		2057B87D252588EE007D8D05 = {
			isa = PBXGroup;
			children = (
				2057B888252588EE007D8D05 /* ZarinShop */,
				2057B887252588EE007D8D05 /* Products */,
				BA24ED4926DA40B498DE140D /* Pods */,
				2FD927E43F47DB56D0E26D00 /* Frameworks */,
			);
			sourceTree = "<group>";
		};
		2057B887252588EE007D8D05 /* Products */ = {
			isa = PBXGroup;
			children = (
				2057B886252588EE007D8D05 /* ZarinShop.app */,
			);
			name = Products;
			sourceTree = "<group>";
		};
		2057B888252588EE007D8D05 /* ZarinShop */ = {
			isa = PBXGroup;
			children = (
				2057B889252588EF007D8D05 /* AppDelegate.swift */,
				2057B897252588F0007D8D05 /* Info.plist */,
				2057B8A32525894E007D8D05 /* Common */,
				2057B8A82525894E007D8D05 /* Features */,
				20411043252B2BEF0081A562 /* Utility */,
				2057B89D2525894E007D8D05 /* Extensions */,
				2057B89E2525894E007D8D05 /* Resources */,
			);
			path = ZarinShop;
			sourceTree = "<group>";
		};
		2057B89D2525894E007D8D05 /* Extensions */ = {
			isa = PBXGroup;
			children = (
				2041103C252AF2380081A562 /* UIKit */,
				20242AB0252A3EE600886949 /* Foundation */,
			);
			path = Extensions;
			sourceTree = "<group>";
		};
		2057B89E2525894E007D8D05 /* Resources */ = {
			isa = PBXGroup;
			children = (
				2057B89F2525894E007D8D05 /* Assets.xcassets */,
				2057B8A22525894E007D8D05 /* Images.xcassets */,
				2057B8A02525894E007D8D05 /* LaunchScreen.storyboard */,
				20242AAE252A3E4100886949 /* Templates.swift */,
			);
			path = Resources;
			sourceTree = "<group>";
		};
		2057B8A32525894E007D8D05 /* Common */ = {
			isa = PBXGroup;
			children = (
				840839B725380EA50040EC63 /* Stored */,
				2057B8A42525894E007D8D05 /* Network */,
				2057B8A62525894E007D8D05 /* Controllers */,
				2057B8A52525894E007D8D05 /* Enums */,
			);
			path = Common;
			sourceTree = "<group>";
		};
		2057B8A42525894E007D8D05 /* Network */ = {
			isa = PBXGroup;
			children = (
				203FD53E2531C82A00F57432 /* ZSNetwork.swift */,
				203FD5402531CA6500F57432 /* ZSErrorModel.swift */,
				203FD5472531D7F900F57432 /* ZSURLPath.swift */,
			);
			path = Network;
			sourceTree = "<group>";
		};
		2057B8A52525894E007D8D05 /* Enums */ = {
			isa = PBXGroup;
			children = (
				2057B8EC2525AF22007D8D05 /* AppColors.swift */,
			);
			path = Enums;
			sourceTree = "<group>";
		};
		2057B8A62525894E007D8D05 /* Controllers */ = {
			isa = PBXGroup;
			children = (
				2057B8A72525894E007D8D05 /* RootViewController.swift */,
				2057B8F12525ED2D007D8D05 /* ZSBaseViewController.swift */,
			);
			path = Controllers;
			sourceTree = "<group>";
		};
		2057B8A82525894E007D8D05 /* Features */ = {
			isa = PBXGroup;
			children = (
				20B2DFCC25274C980089BC55 /* Auth */,
				2057B8A92525894E007D8D05 /* Splash */,
				2057B8B725258DD7007D8D05 /* SideMenu */,
				2057B8C0252590EC007D8D05 /* Menu */,
			);
			path = Features;
			sourceTree = "<group>";
		};
		2057B8A92525894E007D8D05 /* Splash */ = {
			isa = PBXGroup;
			children = (
				2057B8AA2525894E007D8D05 /* Storyboards */,
				2057B8AC2525894E007D8D05 /* Controllers */,
			);
			path = Splash;
			sourceTree = "<group>";
		};
		2057B8AA2525894E007D8D05 /* Storyboards */ = {
			isa = PBXGroup;
			children = (
				2057B8AB2525894E007D8D05 /* Splash.storyboard */,
			);
			path = Storyboards;
			sourceTree = "<group>";
		};
		2057B8AC2525894E007D8D05 /* Controllers */ = {
			isa = PBXGroup;
			children = (
				2057B8AD2525894E007D8D05 /* SplashViewController.swift */,
			);
			path = Controllers;
			sourceTree = "<group>";
		};
		2057B8B725258DD7007D8D05 /* SideMenu */ = {
			isa = PBXGroup;
			children = (
				2057B8E6252595A8007D8D05 /* Views */,
				2057B8B825258DEC007D8D05 /* Controllers */,
			);
			path = SideMenu;
			sourceTree = "<group>";
		};
		2057B8B825258DEC007D8D05 /* Controllers */ = {
			isa = PBXGroup;
			children = (
				2057B8B925258E00007D8D05 /* ZSSideMenuViewController.swift */,
			);
			path = Controllers;
			sourceTree = "<group>";
		};
		2057B8C0252590EC007D8D05 /* Menu */ = {
			isa = PBXGroup;
			children = (
				2057B8E025259337007D8D05 /* Main */,
				2057B8D0252591FC007D8D05 /* Profile */,
				2057B8C6252591FC007D8D05 /* Orders */,
				2057B8CB252591FC007D8D05 /* Cart */,
				20FD49BC2545C4E50006F50C /* Favorites */,
			);
			path = Menu;
			sourceTree = "<group>";
		};
		2057B8C6252591FC007D8D05 /* Orders */ = {
			isa = PBXGroup;
			children = (
				2057B8C7252591FC007D8D05 /* Models */,
				20FD49BA25459E290006F50C /* Views */,
				2057B8C8252591FC007D8D05 /* Controllers */,
			);
			path = Orders;
			sourceTree = "<group>";
		};
		2057B8C7252591FC007D8D05 /* Models */ = {
			isa = PBXGroup;
			children = (
			);
			path = Models;
			sourceTree = "<group>";
		};
		2057B8C8252591FC007D8D05 /* Controllers */ = {
			isa = PBXGroup;
			children = (
				2057B8C9252591FC007D8D05 /* ZSOrdersViewController.swift */,
			);
			path = Controllers;
			sourceTree = "<group>";
		};
		2057B8CB252591FC007D8D05 /* Cart */ = {
			isa = PBXGroup;
			children = (
				203FD54C2532030500F57432 /* Cart list */,
				203FD54D2532032400F57432 /* Checkout */,
				8443D9972539D666008AAC88 /* AddCard */,
				208483C7253C8DB40044D4A9 /* AddAddress */,
			);
			path = Cart;
			sourceTree = "<group>";
		};
		2057B8CC252591FC007D8D05 /* Models */ = {
			isa = PBXGroup;
			children = (
			);
			name = Models;
			path = ../Models;
			sourceTree = "<group>";
		};
		2057B8CD252591FC007D8D05 /* Controllers */ = {
			isa = PBXGroup;
			children = (
				2057B8CE252591FC007D8D05 /* ZSCartViewController.swift */,
			);
			path = Controllers;
			sourceTree = "<group>";
		};
		2057B8CF252591FC007D8D05 /* Views */ = {
			isa = PBXGroup;
			children = (
				20411039252AD7A10081A562 /* Cells */,
			);
			path = Views;
			sourceTree = "<group>";
		};
		2057B8D0252591FC007D8D05 /* Profile */ = {
			isa = PBXGroup;
			children = (
				2057B8D2252591FC007D8D05 /* Controllers */,
			);
			path = Profile;
			sourceTree = "<group>";
		};
		2057B8D2252591FC007D8D05 /* Controllers */ = {
			isa = PBXGroup;
			children = (
				2057B8D3252591FC007D8D05 /* ZSProfileViewController.swift */,
			);
			path = Controllers;
			sourceTree = "<group>";
		};
		2057B8E025259337007D8D05 /* Main */ = {
			isa = PBXGroup;
			children = (
				20B2DFBE2526D9510089BC55 /* Categories */,
				8443DA18253EFD3E008AAC88 /* Subcategories */,
				20B2DFBF2526D9C30089BC55 /* Products */,
				203FD5422531D0F500F57432 /* ProductDetail */,
			);
			path = Main;
			sourceTree = "<group>";
		};
		2057B8E125259342007D8D05 /* Controllers */ = {
			isa = PBXGroup;
			children = (
				2057B8E42525935E007D8D05 /* ZSMainViewController.swift */,
			);
			path = Controllers;
			sourceTree = "<group>";
		};
		2057B8E225259349007D8D05 /* Views */ = {
			isa = PBXGroup;
			children = (
				2057B8EE2525CC85007D8D05 /* Cells */,
			);
			path = Views;
			sourceTree = "<group>";
		};
		2057B8E32525934D007D8D05 /* Model */ = {
			isa = PBXGroup;
			children = (
				203FD5492531DBDC00F57432 /* ZSCategoriesModel.swift */,
				201332A125374C2E00548FF6 /* ZSSubcategoriesModel.swift */,
			);
			path = Model;
			sourceTree = "<group>";
		};
		2057B8E6252595A8007D8D05 /* Views */ = {
			isa = PBXGroup;
			children = (
				2057B8EA2525A208007D8D05 /* ZSSideMenuItemView.swift */,
				20242AAA2529F58E00886949 /* ZSSideMenuFooterView.swift */,
			);
			path = Views;
			sourceTree = "<group>";
		};
		2057B8EE2525CC85007D8D05 /* Cells */ = {
			isa = PBXGroup;
			children = (
				2057B8EF2525CCB5007D8D05 /* ZSMainTableViewCell.swift */,
			);
			path = Cells;
			sourceTree = "<group>";
		};
		208483C7253C8DB40044D4A9 /* AddAddress */ = {
			isa = PBXGroup;
			children = (
				208483C9253C8E0F0044D4A9 /* Views */,
				208483C8253C8DF50044D4A9 /* Controllers */,
			);
			path = AddAddress;
			sourceTree = "<group>";
		};
		208483C8253C8DF50044D4A9 /* Controllers */ = {
			isa = PBXGroup;
			children = (
				208483CA253C8E3C0044D4A9 /* ZSAddAddressViewController.swift */,
			);
			path = Controllers;
			sourceTree = "<group>";
		};
		208483C9253C8E0F0044D4A9 /* Views */ = {
			isa = PBXGroup;
			children = (
				208483CC253C8F5E0044D4A9 /* ZSAddAddressView.swift */,
			);
			path = Views;
			sourceTree = "<group>";
		};
		208483D0253C95460044D4A9 /* Views */ = {
			isa = PBXGroup;
			children = (
				208483CE253C953D0044D4A9 /* ZSAddCardView.swift */,
			);
			path = Views;
			sourceTree = "<group>";
		};
		20B2DFBE2526D9510089BC55 /* Categories */ = {
			isa = PBXGroup;
			children = (
				2057B8E32525934D007D8D05 /* Model */,
				2057B8E225259349007D8D05 /* Views */,
				2057B8E125259342007D8D05 /* Controllers */,
			);
			path = Categories;
			sourceTree = "<group>";
		};
		20B2DFBF2526D9C30089BC55 /* Products */ = {
			isa = PBXGroup;
			children = (
				20B2DFC22526D9E10089BC55 /* Model */,
				20B2DFC12526D9DB0089BC55 /* Views */,
				20B2DFC02526D9CF0089BC55 /* Controllers */,
			);
			path = Products;
			sourceTree = "<group>";
		};
		20B2DFC02526D9CF0089BC55 /* Controllers */ = {
			isa = PBXGroup;
			children = (
				20B2DFC32526DA370089BC55 /* ZSProductsViewController.swift */,
			);
			path = Controllers;
			sourceTree = "<group>";
		};
		20B2DFC12526D9DB0089BC55 /* Views */ = {
			isa = PBXGroup;
			children = (
				20242AAC252A37E800886949 /* ZSProductsMainView.swift */,
				20B2DFC52526E4370089BC55 /* Cells */,
			);
			path = Views;
			sourceTree = "<group>";
		};
		20B2DFC22526D9E10089BC55 /* Model */ = {
			isa = PBXGroup;
			children = (
				20B2DFCA2526FE090089BC55 /* ZSProductModel.swift */,
			);
			path = Model;
			sourceTree = "<group>";
		};
		20B2DFC52526E4370089BC55 /* Cells */ = {
			isa = PBXGroup;
			children = (
				20B2DFC62526E4600089BC55 /* ZSGategoriesCollectionViewCell.swift */,
				20B2DFC82526FB1E0089BC55 /* ZSProductsCollectionViewCell.swift */,
			);
			path = Cells;
			sourceTree = "<group>";
		};
		20B2DFCC25274C980089BC55 /* Auth */ = {
			isa = PBXGroup;
			children = (
				20B9A89C2532F6F200E2EF71 /* Reset Password */,
				20B2DFCD25274CDB0089BC55 /* Authorization */,
				20B2DFCE25274D270089BC55 /* Registation */,
			);
			path = Auth;
			sourceTree = "<group>";
		};
		20B2DFCD25274CDB0089BC55 /* Authorization */ = {
			isa = PBXGroup;
			children = (
				2049103C2532472500154252 /* Models */,
				20B2DFD025274D470089BC55 /* Controllers */,
			);
			path = Authorization;
			sourceTree = "<group>";
		};
		20B2DFCE25274D270089BC55 /* Registation */ = {
			isa = PBXGroup;
			children = (
				2049103D2532503E00154252 /* Models */,
				20B2DFCF25274D3E0089BC55 /* Controllers */,
			);
			path = Registation;
			sourceTree = "<group>";
		};
		20B2DFCF25274D3E0089BC55 /* Controllers */ = {
			isa = PBXGroup;
			children = (
				20B2DFD225274D7B0089BC55 /* ZSRegistrationViewController.swift */,
				205692AF253236700096DDD0 /* ZSRegistrationCodeViewController.swift */,
			);
			path = Controllers;
			sourceTree = "<group>";
		};
		20B2DFD025274D470089BC55 /* Controllers */ = {
			isa = PBXGroup;
			children = (
				20B2DFD425274D900089BC55 /* ZSAuthorizationViewController.swift */,
			);
			path = Controllers;
			sourceTree = "<group>";
		};
		20B9A89C2532F6F200E2EF71 /* Reset Password */ = {
			isa = PBXGroup;
			children = (
				20B9A89D2532F70E00E2EF71 /* Controllers */,
			);
			path = "Reset Password";
			sourceTree = "<group>";
		};
		20B9A89D2532F70E00E2EF71 /* Controllers */ = {
			isa = PBXGroup;
			children = (
				20B9A89E2532F72B00E2EF71 /* ZSResetPasswordViewController.swift */,
				2098B14225337E0900A00D18 /* ZSResetPasswordCodeViewController.swift */,
			);
			path = Controllers;
			sourceTree = "<group>";
		};
		20FD49BA25459E290006F50C /* Views */ = {
			isa = PBXGroup;
			children = (
				20FD49BB25459E2E0006F50C /* Cells */,
			);
			path = Views;
			sourceTree = "<group>";
		};
		20FD49BB25459E2E0006F50C /* Cells */ = {
			isa = PBXGroup;
			children = (
				20FD49B725459E190006F50C /* ZSOrdersTableViewCell.swift */,
			);
			path = Cells;
			sourceTree = "<group>";
		};
		20FD49BC2545C4E50006F50C /* Favorites */ = {
			isa = PBXGroup;
			children = (
				20FD49BD2545C4F80006F50C /* Controllers */,
			);
			path = Favorites;
			sourceTree = "<group>";
		};
		20FD49BD2545C4F80006F50C /* Controllers */ = {
			isa = PBXGroup;
			children = (
				20FD49BE2545C51D0006F50C /* ZSFavoritesViewController.swift */,
			);
			path = Controllers;
			sourceTree = "<group>";
		};
		2FD927E43F47DB56D0E26D00 /* Frameworks */ = {
			isa = PBXGroup;
			children = (
				41D82D5D61017505831B7C23 /* Pods_ZarinShop.framework */,
			);
			name = Frameworks;
			sourceTree = "<group>";
		};
		8408399F253802150040EC63 /* Views */ = {
			isa = PBXGroup;
			children = (
				840839A4253803A50040EC63 /* ZSProductDetailTitleView.swift */,
				840839A0253802300040EC63 /* ZSProductDetailDescriptionView.swift */,
				840839A8253804DC0040EC63 /* ZSProductDetailSpecificationView.swift */,
				840839B02538067D0040EC63 /* ZSProductDetailSpecificationItemView.swift */,
			);
			path = Views;
			sourceTree = "<group>";
		};
		840839AB253806010040EC63 /* Models */ = {
			isa = PBXGroup;
			children = (
				840839AC253806210040EC63 /* ZSSpecificationModel.swift */,
			);
			path = Models;
			sourceTree = "<group>";
		};
		840839B725380EA50040EC63 /* Stored */ = {
			isa = PBXGroup;
			children = (
				840839B825380EE80040EC63 /* ZSValuesStore.swift */,
			);
			path = Stored;
			sourceTree = "<group>";
		};
		8443D9902539B9DC008AAC88 /* Views */ = {
			isa = PBXGroup;
			children = (
				8443D9912539B9FC008AAC88 /* ZSCheckoutAddressView.swift */,
				8443D9942539BE34008AAC88 /* ZSCheckoutPaymentView.swift */,
				20A7086025457B5D00E227D5 /* ZSCheckoutFinalView.swift */,
			);
			path = Views;
			sourceTree = "<group>";
		};
		8443D9972539D666008AAC88 /* AddCard */ = {
			isa = PBXGroup;
			children = (
				208483D0253C95460044D4A9 /* Views */,
				8443D9982539D677008AAC88 /* Controllers */,
			);
			path = AddCard;
			sourceTree = "<group>";
		};
		8443D9982539D677008AAC88 /* Controllers */ = {
			isa = PBXGroup;
			children = (
				8443D9992539D697008AAC88 /* ZSAddCardViewController.swift */,
			);
			path = Controllers;
			sourceTree = "<group>";
		};
		8443DA18253EFD3E008AAC88 /* Subcategories */ = {
			isa = PBXGroup;
			children = (
				8443DA1D253EFD82008AAC88 /* Views */,
				8443DA19253EFD4E008AAC88 /* Controllers */,
			);
			path = Subcategories;
			sourceTree = "<group>";
		};
		8443DA19253EFD4E008AAC88 /* Controllers */ = {
			isa = PBXGroup;
			children = (
				8443DA1A253EFD69008AAC88 /* ZSSubcategoriesViewController.swift */,
			);
			path = Controllers;
			sourceTree = "<group>";
		};
		8443DA1D253EFD82008AAC88 /* Views */ = {
			isa = PBXGroup;
			children = (
				8443DA6E25419EAD008AAC88 /* ZSSubcategoriesHeaderView.swift */,
				8443DA1E253EFD90008AAC88 /* Cells */,
			);
			path = Views;
			sourceTree = "<group>";
		};
		8443DA1E253EFD90008AAC88 /* Cells */ = {
			isa = PBXGroup;
			children = (
				8443DA1F253EFDA4008AAC88 /* ZSSubcategoriesTableViewCell.swift */,
			);
			path = Cells;
			sourceTree = "<group>";
		};
		844A97CF2530818000619BE3 /* UIViewController */ = {
			isa = PBXGroup;
			children = (
				844A97D02530819C00619BE3 /* UIViewController+Ex.swift */,
			);
			path = UIViewController;
			sourceTree = "<group>";
		};
		BA24ED4926DA40B498DE140D /* Pods */ = {
			isa = PBXGroup;
			children = (
				0DE7CA78AE674A74E83BD40D /* Pods-ZarinShop.debug.xcconfig */,
				7F583775B1B4F66CF0F93527 /* Pods-ZarinShop.release.xcconfig */,
			);
			path = Pods;
			sourceTree = "<group>";
		};
/* End PBXGroup section */

/* Begin PBXNativeTarget section */
		2057B885252588EE007D8D05 /* ZarinShop */ = {
			isa = PBXNativeTarget;
			buildConfigurationList = 2057B89A252588F0007D8D05 /* Build configuration list for PBXNativeTarget "ZarinShop" */;
			buildPhases = (
				F151B8D599DC2BF2D799D4C5 /* [CP] Check Pods Manifest.lock */,
				2057B882252588EE007D8D05 /* Sources */,
				2057B883252588EE007D8D05 /* Frameworks */,
				2057B884252588EE007D8D05 /* Resources */,
				922F35BBB7C3381DEEEFA35D /* [CP] Embed Pods Frameworks */,
			);
			buildRules = (
			);
			dependencies = (
			);
			name = ZarinShop;
			productName = ZarinShop;
			productReference = 2057B886252588EE007D8D05 /* ZarinShop.app */;
			productType = "com.apple.product-type.application";
		};
/* End PBXNativeTarget section */

/* Begin PBXProject section */
		2057B87E252588EE007D8D05 /* Project object */ = {
			isa = PBXProject;
			attributes = {
				LastSwiftUpdateCheck = 1130;
				LastUpgradeCheck = 1130;
				ORGANIZATIONNAME = "Murad Ibrohimov";
				TargetAttributes = {
					2057B885252588EE007D8D05 = {
						CreatedOnToolsVersion = 11.3;
					};
				};
			};
			buildConfigurationList = 2057B881252588EE007D8D05 /* Build configuration list for PBXProject "ZarinShop" */;
			compatibilityVersion = "Xcode 10.0";
			developmentRegion = en;
			hasScannedForEncodings = 0;
			knownRegions = (
				en,
				Base,
			);
			mainGroup = 2057B87D252588EE007D8D05;
			productRefGroup = 2057B887252588EE007D8D05 /* Products */;
			projectDirPath = "";
			projectRoot = "";
			targets = (
				2057B885252588EE007D8D05 /* ZarinShop */,
			);
		};
/* End PBXProject section */

/* Begin PBXResourcesBuildPhase section */
		2057B884252588EE007D8D05 /* Resources */ = {
			isa = PBXResourcesBuildPhase;
			buildActionMask = 2147483647;
			files = (
				2057B8B02525894E007D8D05 /* Assets.xcassets in Resources */,
				2057B8B22525894E007D8D05 /* Images.xcassets in Resources */,
				2057B8B12525894E007D8D05 /* LaunchScreen.storyboard in Resources */,
				2057B8B42525894E007D8D05 /* Splash.storyboard in Resources */,
			);
			runOnlyForDeploymentPostprocessing = 0;
		};
/* End PBXResourcesBuildPhase section */

/* Begin PBXShellScriptBuildPhase section */
		922F35BBB7C3381DEEEFA35D /* [CP] Embed Pods Frameworks */ = {
			isa = PBXShellScriptBuildPhase;
			buildActionMask = 2147483647;
			files = (
			);
			inputFileListPaths = (
				"${PODS_ROOT}/Target Support Files/Pods-ZarinShop/Pods-ZarinShop-frameworks-${CONFIGURATION}-input-files.xcfilelist",
			);
			name = "[CP] Embed Pods Frameworks";
			outputFileListPaths = (
				"${PODS_ROOT}/Target Support Files/Pods-ZarinShop/Pods-ZarinShop-frameworks-${CONFIGURATION}-output-files.xcfilelist",
			);
			runOnlyForDeploymentPostprocessing = 0;
			shellPath = /bin/sh;
			shellScript = "\"${PODS_ROOT}/Target Support Files/Pods-ZarinShop/Pods-ZarinShop-frameworks.sh\"\n";
			showEnvVarsInLog = 0;
		};
		F151B8D599DC2BF2D799D4C5 /* [CP] Check Pods Manifest.lock */ = {
			isa = PBXShellScriptBuildPhase;
			buildActionMask = 2147483647;
			files = (
			);
			inputFileListPaths = (
			);
			inputPaths = (
				"${PODS_PODFILE_DIR_PATH}/Podfile.lock",
				"${PODS_ROOT}/Manifest.lock",
			);
			name = "[CP] Check Pods Manifest.lock";
			outputFileListPaths = (
			);
			outputPaths = (
				"$(DERIVED_FILE_DIR)/Pods-ZarinShop-checkManifestLockResult.txt",
			);
			runOnlyForDeploymentPostprocessing = 0;
			shellPath = /bin/sh;
			shellScript = "diff \"${PODS_PODFILE_DIR_PATH}/Podfile.lock\" \"${PODS_ROOT}/Manifest.lock\" > /dev/null\nif [ $? != 0 ] ; then\n    # print error to STDERR\n    echo \"error: The sandbox is not in sync with the Podfile.lock. Run 'pod install' or update your CocoaPods installation.\" >&2\n    exit 1\nfi\n# This output is used by Xcode 'outputs' to avoid re-running this script phase.\necho \"SUCCESS\" > \"${SCRIPT_OUTPUT_FILE_0}\"\n";
			showEnvVarsInLog = 0;
		};
/* End PBXShellScriptBuildPhase section */

/* Begin PBXSourcesBuildPhase section */
		2057B882252588EE007D8D05 /* Sources */ = {
			isa = PBXSourcesBuildPhase;
			buildActionMask = 2147483647;
			files = (
				20242AAD252A37E800886949 /* ZSProductsMainView.swift in Sources */,
				840839A1253802300040EC63 /* ZSProductDetailDescriptionView.swift in Sources */,
				20B9A8992532DCCC00E2EF71 /* ZSSignupResponseModel.swift in Sources */,
				203FD54A2531DBDC00F57432 /* ZSCategoriesModel.swift in Sources */,
				2057B8F02525CCB5007D8D05 /* ZSMainTableViewCell.swift in Sources */,
				840839B12538067D0040EC63 /* ZSProductDetailSpecificationItemView.swift in Sources */,
				20B2DFC42526DA370089BC55 /* ZSProductsViewController.swift in Sources */,
				2057B88A252588EF007D8D05 /* AppDelegate.swift in Sources */,
				2041103F252AF24C0081A562 /* UIImage+Ex.swift in Sources */,
				2057B8DB252591FC007D8D05 /* ZSCartViewController.swift in Sources */,
				8443D9922539B9FC008AAC88 /* ZSCheckoutAddressView.swift in Sources */,
				208483CF253C953D0044D4A9 /* ZSAddCardView.swift in Sources */,
				203FD5572532056200F57432 /* ZSCheckoutFinalViewController.swift in Sources */,
				2057B8DA252591FC007D8D05 /* ZSOrdersViewController.swift in Sources */,
				20411042252AFAB40081A562 /* UIColor+Ex.swift in Sources */,
				844A97CC25306D0E00619BE3 /* ZSCheckoutTabItem.swift in Sources */,
				208483CB253C8E3C0044D4A9 /* ZSAddAddressViewController.swift in Sources */,
				2057B8ED2525AF22007D8D05 /* AppColors.swift in Sources */,
				840839A9253804DC0040EC63 /* ZSProductDetailSpecificationView.swift in Sources */,
				201332A225374C2E00548FF6 /* ZSSubcategoriesModel.swift in Sources */,
				20FD49BF2545C51D0006F50C /* ZSFavoritesViewController.swift in Sources */,
				20B2DFC92526FB1E0089BC55 /* ZSProductsCollectionViewCell.swift in Sources */,
				2057B8B32525894E007D8D05 /* RootViewController.swift in Sources */,
				2057B8BA25258E01007D8D05 /* ZSSideMenuViewController.swift in Sources */,
				2057B8DC252591FC007D8D05 /* ZSProfileViewController.swift in Sources */,
				8443DA1B253EFD69008AAC88 /* ZSSubcategoriesViewController.swift in Sources */,
				20242AAF252A3E4100886949 /* Templates.swift in Sources */,
				203FD5412531CA6500F57432 /* ZSErrorModel.swift in Sources */,
				8443DA6F25419EAD008AAC88 /* ZSSubcategoriesHeaderView.swift in Sources */,
				20B2DFC72526E4600089BC55 /* ZSGategoriesCollectionViewCell.swift in Sources */,
				20B9A89F2532F72B00E2EF71 /* ZSResetPasswordViewController.swift in Sources */,
				2041103B252AD7C00081A562 /* ZSCartTableViewCell.swift in Sources */,
				20FD49B825459E190006F50C /* ZSOrdersTableViewCell.swift in Sources */,
				20A7086125457B5D00E227D5 /* ZSCheckoutFinalView.swift in Sources */,
				203FD5462531D0F500F57432 /* ZSProductDetailViewController.swift in Sources */,
				203FD5552532051000F57432 /* ZSCheckoutPaymentViewController.swift in Sources */,
				20B2DFD525274D900089BC55 /* ZSAuthorizationViewController.swift in Sources */,
				2057B8F22525ED2D007D8D05 /* ZSBaseViewController.swift in Sources */,
				8443D99A2539D697008AAC88 /* ZSAddCardViewController.swift in Sources */,
				203FD53F2531C82A00F57432 /* ZSNetwork.swift in Sources */,
				2057B8E52525935E007D8D05 /* ZSMainViewController.swift in Sources */,
				8443DA20253EFDA4008AAC88 /* ZSSubcategoriesTableViewCell.swift in Sources */,
				8443D9952539BE34008AAC88 /* ZSCheckoutPaymentView.swift in Sources */,
				203FD5482531D7F900F57432 /* ZSURLPath.swift in Sources */,
				840839A5253803A50040EC63 /* ZSProductDetailTitleView.swift in Sources */,
				205692B0253236700096DDD0 /* ZSRegistrationCodeViewController.swift in Sources */,
				20411045252B2C0F0081A562 /* BadgedButtonItem.swift in Sources */,
				208483CD253C8F5E0044D4A9 /* ZSAddAddressView.swift in Sources */,
				20242AB3252A3F1D00886949 /* Notification.Name+Ex.swift in Sources */,
				840839B925380EE80040EC63 /* ZSValuesStore.swift in Sources */,
				2098B14325337E0900A00D18 /* ZSResetPasswordCodeViewController.swift in Sources */,
				20B9A89B2532E50600E2EF71 /* ZSSigninUserModel.swift in Sources */,
				2057B8EB2525A208007D8D05 /* ZSSideMenuItemView.swift in Sources */,
				20B2DFCB2526FE090089BC55 /* ZSProductModel.swift in Sources */,
				20B2DFD325274D7B0089BC55 /* ZSRegistrationViewController.swift in Sources */,
				2049103F2532509400154252 /* ZSSignupUserModel.swift in Sources */,
				20242AAB2529F58E00886949 /* ZSSideMenuFooterView.swift in Sources */,
				203FD5502532036F00F57432 /* ZSCheckoutViewController.swift in Sources */,
				203FD553253204EB00F57432 /* ZSCheckoutAddressViewController.swift in Sources */,
				844A97D12530819C00619BE3 /* UIViewController+Ex.swift in Sources */,
				2057B8B52525894E007D8D05 /* SplashViewController.swift in Sources */,
				84691A852536B90F00EA5217 /* UserDefaults+Ex.swift in Sources */,
				840839AD253806210040EC63 /* ZSSpecificationModel.swift in Sources */,
			);
			runOnlyForDeploymentPostprocessing = 0;
		};
/* End PBXSourcesBuildPhase section */

/* Begin PBXVariantGroup section */
		2057B8A02525894E007D8D05 /* LaunchScreen.storyboard */ = {
			isa = PBXVariantGroup;
			children = (
				2057B8A12525894E007D8D05 /* Base */,
			);
			name = LaunchScreen.storyboard;
			sourceTree = "<group>";
		};
/* End PBXVariantGroup section */

/* Begin XCBuildConfiguration section */
		2057B898252588F0007D8D05 /* Debug */ = {
			isa = XCBuildConfiguration;
			buildSettings = {
				ALWAYS_SEARCH_USER_PATHS = NO;
				CLANG_ANALYZER_NONNULL = YES;
				CLANG_ANALYZER_NUMBER_OBJECT_CONVERSION = YES_AGGRESSIVE;
				CLANG_CXX_LANGUAGE_STANDARD = "gnu++14";
				CLANG_CXX_LIBRARY = "libc++";
				CLANG_ENABLE_MODULES = YES;
				CLANG_ENABLE_OBJC_ARC = YES;
				CLANG_ENABLE_OBJC_WEAK = YES;
				CLANG_WARN_BLOCK_CAPTURE_AUTORELEASING = YES;
				CLANG_WARN_BOOL_CONVERSION = YES;
				CLANG_WARN_COMMA = YES;
				CLANG_WARN_CONSTANT_CONVERSION = YES;
				CLANG_WARN_DEPRECATED_OBJC_IMPLEMENTATIONS = YES;
				CLANG_WARN_DIRECT_OBJC_ISA_USAGE = YES_ERROR;
				CLANG_WARN_DOCUMENTATION_COMMENTS = YES;
				CLANG_WARN_EMPTY_BODY = YES;
				CLANG_WARN_ENUM_CONVERSION = YES;
				CLANG_WARN_INFINITE_RECURSION = YES;
				CLANG_WARN_INT_CONVERSION = YES;
				CLANG_WARN_NON_LITERAL_NULL_CONVERSION = YES;
				CLANG_WARN_OBJC_IMPLICIT_RETAIN_SELF = YES;
				CLANG_WARN_OBJC_LITERAL_CONVERSION = YES;
				CLANG_WARN_OBJC_ROOT_CLASS = YES_ERROR;
				CLANG_WARN_RANGE_LOOP_ANALYSIS = YES;
				CLANG_WARN_STRICT_PROTOTYPES = YES;
				CLANG_WARN_SUSPICIOUS_MOVE = YES;
				CLANG_WARN_UNGUARDED_AVAILABILITY = YES_AGGRESSIVE;
				CLANG_WARN_UNREACHABLE_CODE = YES;
				CLANG_WARN__DUPLICATE_METHOD_MATCH = YES;
				COPY_PHASE_STRIP = NO;
				DEBUG_INFORMATION_FORMAT = dwarf;
				ENABLE_STRICT_OBJC_MSGSEND = YES;
				ENABLE_TESTABILITY = YES;
				GCC_C_LANGUAGE_STANDARD = gnu11;
				GCC_DYNAMIC_NO_PIC = NO;
				GCC_NO_COMMON_BLOCKS = YES;
				GCC_OPTIMIZATION_LEVEL = 0;
				GCC_PREPROCESSOR_DEFINITIONS = (
					"DEBUG=1",
					"$(inherited)",
				);
				GCC_WARN_64_TO_32_BIT_CONVERSION = YES;
				GCC_WARN_ABOUT_RETURN_TYPE = YES_ERROR;
				GCC_WARN_UNDECLARED_SELECTOR = YES;
				GCC_WARN_UNINITIALIZED_AUTOS = YES_AGGRESSIVE;
				GCC_WARN_UNUSED_FUNCTION = YES;
				GCC_WARN_UNUSED_VARIABLE = YES;
				IPHONEOS_DEPLOYMENT_TARGET = 11.0;
				MTL_ENABLE_DEBUG_INFO = INCLUDE_SOURCE;
				MTL_FAST_MATH = YES;
				ONLY_ACTIVE_ARCH = YES;
				SDKROOT = iphoneos;
				SWIFT_ACTIVE_COMPILATION_CONDITIONS = DEBUG;
				SWIFT_OPTIMIZATION_LEVEL = "-Onone";
			};
			name = Debug;
		};
		2057B899252588F0007D8D05 /* Release */ = {
			isa = XCBuildConfiguration;
			buildSettings = {
				ALWAYS_SEARCH_USER_PATHS = NO;
				CLANG_ANALYZER_NONNULL = YES;
				CLANG_ANALYZER_NUMBER_OBJECT_CONVERSION = YES_AGGRESSIVE;
				CLANG_CXX_LANGUAGE_STANDARD = "gnu++14";
				CLANG_CXX_LIBRARY = "libc++";
				CLANG_ENABLE_MODULES = YES;
				CLANG_ENABLE_OBJC_ARC = YES;
				CLANG_ENABLE_OBJC_WEAK = YES;
				CLANG_WARN_BLOCK_CAPTURE_AUTORELEASING = YES;
				CLANG_WARN_BOOL_CONVERSION = YES;
				CLANG_WARN_COMMA = YES;
				CLANG_WARN_CONSTANT_CONVERSION = YES;
				CLANG_WARN_DEPRECATED_OBJC_IMPLEMENTATIONS = YES;
				CLANG_WARN_DIRECT_OBJC_ISA_USAGE = YES_ERROR;
				CLANG_WARN_DOCUMENTATION_COMMENTS = YES;
				CLANG_WARN_EMPTY_BODY = YES;
				CLANG_WARN_ENUM_CONVERSION = YES;
				CLANG_WARN_INFINITE_RECURSION = YES;
				CLANG_WARN_INT_CONVERSION = YES;
				CLANG_WARN_NON_LITERAL_NULL_CONVERSION = YES;
				CLANG_WARN_OBJC_IMPLICIT_RETAIN_SELF = YES;
				CLANG_WARN_OBJC_LITERAL_CONVERSION = YES;
				CLANG_WARN_OBJC_ROOT_CLASS = YES_ERROR;
				CLANG_WARN_RANGE_LOOP_ANALYSIS = YES;
				CLANG_WARN_STRICT_PROTOTYPES = YES;
				CLANG_WARN_SUSPICIOUS_MOVE = YES;
				CLANG_WARN_UNGUARDED_AVAILABILITY = YES_AGGRESSIVE;
				CLANG_WARN_UNREACHABLE_CODE = YES;
				CLANG_WARN__DUPLICATE_METHOD_MATCH = YES;
				COPY_PHASE_STRIP = NO;
				DEBUG_INFORMATION_FORMAT = "dwarf-with-dsym";
				ENABLE_NS_ASSERTIONS = NO;
				ENABLE_STRICT_OBJC_MSGSEND = YES;
				GCC_C_LANGUAGE_STANDARD = gnu11;
				GCC_NO_COMMON_BLOCKS = YES;
				GCC_WARN_64_TO_32_BIT_CONVERSION = YES;
				GCC_WARN_ABOUT_RETURN_TYPE = YES_ERROR;
				GCC_WARN_UNDECLARED_SELECTOR = YES;
				GCC_WARN_UNINITIALIZED_AUTOS = YES_AGGRESSIVE;
				GCC_WARN_UNUSED_FUNCTION = YES;
				GCC_WARN_UNUSED_VARIABLE = YES;
				IPHONEOS_DEPLOYMENT_TARGET = 11.0;
				MTL_ENABLE_DEBUG_INFO = NO;
				MTL_FAST_MATH = YES;
				SDKROOT = iphoneos;
				SWIFT_COMPILATION_MODE = wholemodule;
				SWIFT_OPTIMIZATION_LEVEL = "-O";
				VALIDATE_PRODUCT = YES;
			};
			name = Release;
		};
		2057B89B252588F0007D8D05 /* Debug */ = {
			isa = XCBuildConfiguration;
			baseConfigurationReference = 0DE7CA78AE674A74E83BD40D /* Pods-ZarinShop.debug.xcconfig */;
			buildSettings = {
				ASSETCATALOG_COMPILER_APPICON_NAME = AppIcon;
				CODE_SIGN_STYLE = Automatic;
				INFOPLIST_FILE = ZarinShop/Info.plist;
				IPHONEOS_DEPLOYMENT_TARGET = 10.0;
				LD_RUNPATH_SEARCH_PATHS = (
					"$(inherited)",
					"@executable_path/Frameworks",
				);
				MACOSX_DEPLOYMENT_TARGET = 10.15;
				PRODUCT_BUNDLE_IDENTIFIER = tj.murad.ZarinShop;
				PRODUCT_NAME = "$(TARGET_NAME)";
				SWIFT_VERSION = 5.0;
				TARGETED_DEVICE_FAMILY = 1;
			};
			name = Debug;
		};
		2057B89C252588F0007D8D05 /* Release */ = {
			isa = XCBuildConfiguration;
			baseConfigurationReference = 7F583775B1B4F66CF0F93527 /* Pods-ZarinShop.release.xcconfig */;
			buildSettings = {
				ASSETCATALOG_COMPILER_APPICON_NAME = AppIcon;
				CODE_SIGN_STYLE = Automatic;
				INFOPLIST_FILE = ZarinShop/Info.plist;
				IPHONEOS_DEPLOYMENT_TARGET = 10.0;
				LD_RUNPATH_SEARCH_PATHS = (
					"$(inherited)",
					"@executable_path/Frameworks",
				);
				MACOSX_DEPLOYMENT_TARGET = 10.15;
				PRODUCT_BUNDLE_IDENTIFIER = tj.murad.ZarinShop;
				PRODUCT_NAME = "$(TARGET_NAME)";
				SWIFT_VERSION = 5.0;
				TARGETED_DEVICE_FAMILY = 1;
			};
			name = Release;
		};
/* End XCBuildConfiguration section */

/* Begin XCConfigurationList section */
		2057B881252588EE007D8D05 /* Build configuration list for PBXProject "ZarinShop" */ = {
			isa = XCConfigurationList;
			buildConfigurations = (
				2057B898252588F0007D8D05 /* Debug */,
				2057B899252588F0007D8D05 /* Release */,
			);
			defaultConfigurationIsVisible = 0;
			defaultConfigurationName = Release;
		};
		2057B89A252588F0007D8D05 /* Build configuration list for PBXNativeTarget "ZarinShop" */ = {
			isa = XCConfigurationList;
			buildConfigurations = (
				2057B89B252588F0007D8D05 /* Debug */,
				2057B89C252588F0007D8D05 /* Release */,
			);
			defaultConfigurationIsVisible = 0;
			defaultConfigurationName = Release;
		};
/* End XCConfigurationList section */
	};
	rootObject = 2057B87E252588EE007D8D05 /* Project object */;
}
